
Microsoft Visual Studio Solution File, Format Version 12.00
# Visual Studio Version 16
VisualStudioVersion = 16.0.30907.101
MinimumVisualStudioVersion = 10.0.40219.1
Project("{FAE04EC0-301F-11D3-BF4B-00C04F79EFBC}") = "DLExam", "DLExam\DLExam.csproj", "{92F56B36-BE71-40C6-AAE0-8C255FC10FED}"
EndProject
Global
	GlobalSection(SolutionConfigurationPlatforms) = preSolution
		Debug|Any CPU = Debug|Any CPU
		Release|Any CPU = Release|Any CPU
	EndGlobalSection
	GlobalSection(ProjectConfigurationPlatforms) = postSolution
		{92F56B36-BE71-40C6-AAE0-8C255FC10FED}.Debug|Any CPU.ActiveCfg = Debug|Any CPU
		{92F56B36-BE71-40C6-AAE0-8C255FC10FED}.Debug|Any CPU.Build.0 = Debug|Any CPU
		{92F56B36-BE71-40C6-AAE0-8C255FC10FED}.Release|Any CPU.ActiveCfg = Release|Any CPU
		{92F56B36-BE71-40C6-AAE0-8C255FC10FED}.Release|Any CPU.Build.0 = Release|Any CPU
	EndGlobalSection
	GlobalSection(SolutionProperties) = preSolution
		HideSolutionNode = FALSE
	EndGlobalSection
	GlobalSection(ExtensibilityGlobals) = postSolution
		SolutionGuid = {B269BA98-9673-4DFB-A521-9E83E0DAF5A5}
	EndGlobalSection
EndGlobal
